
Microsoft Visual Studio Solution File, Format Version 12.00
# Visual Studio Version 17
VisualStudioVersion = 17.7.34202.233
MinimumVisualStudioVersion = 10.0.40219.1
Project("{FAE04EC0-301F-11D3-BF4B-00C04F79EFBC}") = "AlumnosArbolesAVLyABB", "AlumnosArbolesAVLyABB\AlumnosArbolesAVLyABB.csproj", "{809A1EFA-F561-4CA7-9DC9-D8A109B5EF27}"
EndProject
Global
	GlobalSection(SolutionConfigurationPlatforms) = preSolution
		Debug|Any CPU = Debug|Any CPU
		Release|Any CPU = Release|Any CPU
	EndGlobalSection
	GlobalSection(ProjectConfigurationPlatforms) = postSolution
		{809A1EFA-F561-4CA7-9DC9-D8A109B5EF27}.Debug|Any CPU.ActiveCfg = Debug|Any CPU
		{809A1EFA-F561-4CA7-9DC9-D8A109B5EF27}.Debug|Any CPU.Build.0 = Debug|Any CPU
		{809A1EFA-F561-4CA7-9DC9-D8A109B5EF27}.Release|Any CPU.ActiveCfg = Release|Any CPU
		{809A1EFA-F561-4CA7-9DC9-D8A109B5EF27}.Release|Any CPU.Build.0 = Release|Any CPU
	EndGlobalSection
	GlobalSection(SolutionProperties) = preSolution
		HideSolutionNode = FALSE
	EndGlobalSection
	GlobalSection(ExtensibilityGlobals) = postSolution
		SolutionGuid = {800F73E7-80B9-434E-96CD-0FEB26275D72}
	EndGlobalSection
EndGlobal
